{
  "version": 4,
  "terraform_version": "0.12.6",
  "serial": 306,
  "lineage": "f3555530-8380-fa26-f44e-3452aac07ec0",
  "outputs": {
    "azurePublicIp": {
      "value": "",
      "type": "string"
    }
  },
  "resources": [
    {
      "mode": "managed",
      "type": "azurerm_network_interface",
      "name": "myterraformnic",
      "provider": "provider.azurerm",
      "instances": [
        {
          "schema_version": 0,
          "attributes": {
            "applied_dns_servers": [],
            "dns_servers": [],
            "enable_accelerated_networking": false,
            "enable_ip_forwarding": false,
            "id": "/subscriptions/fc939fda-41b8-4fdf-b2bb-8502e9317042/resourceGroups/my-rgroup/providers/Microsoft.Network/networkInterfaces/my-rgroup-azure-nic",
            "internal_dns_name_label": "",
            "internal_fqdn": "",
            "ip_configuration": [
              {
                "application_gateway_backend_address_pools_ids": [],
                "application_security_group_ids": [],
                "load_balancer_backend_address_pools_ids": [],
                "load_balancer_inbound_nat_rules_ids": [],
                "name": "my-rgroup-ipconfig",
                "primary": true,
                "private_ip_address": "",
                "private_ip_address_allocation": "dynamic",
                "private_ip_address_version": "IPv4",
                "public_ip_address_id": "/subscriptions/fc939fda-41b8-4fdf-b2bb-8502e9317042/resourceGroups/my-rgroup/providers/Microsoft.Network/publicIPAddresses/my-rgroup-publicIp",
                "subnet_id": "/subscriptions/fc939fda-41b8-4fdf-b2bb-8502e9317042/resourceGroups/my-rgroup/providers/Microsoft.Network/virtualNetworks/my-rgroup-net/subnets/my-rgroup-az1-subnet"
              }
            ],
            "location": "uksouth",
            "mac_address": "",
            "name": "my-rgroup-azure-nic",
            "network_security_group_id": "/subscriptions/fc939fda-41b8-4fdf-b2bb-8502e9317042/resourceGroups/my-rgroup/providers/Microsoft.Network/networkSecurityGroups/my-rgroup-vnet-securitygroup",
            "private_ip_address": "10.0.1.4",
            "private_ip_addresses": [
              "10.0.1.4"
            ],
            "resource_group_name": "my-rgroup",
            "tags": {
              "environment": "Terraform Demo"
            },
            "virtual_machine_id": null
          },
          "private": "bnVsbA==",
          "depends_on": [
            "azurerm_network_security_group.myterraformnsg",
            "azurerm_public_ip.myterraformpublicip",
            "azurerm_resource_group.azure_rg_new",
            "azurerm_subnet.myterraformsubnet"
          ]
        }
      ]
    },
    {
      "mode": "managed",
      "type": "azurerm_network_security_group",
      "name": "myterraformnsg",
      "provider": "provider.azurerm",
      "instances": [
        {
          "schema_version": 0,
          "attributes": {
            "id": "/subscriptions/fc939fda-41b8-4fdf-b2bb-8502e9317042/resourceGroups/my-rgroup/providers/Microsoft.Network/networkSecurityGroups/my-rgroup-vnet-securitygroup",
            "location": "uksouth",
            "name": "my-rgroup-vnet-securitygroup",
            "resource_group_name": "my-rgroup",
            "security_rule": [],
            "tags": {
              "environment": "Terraform Demo"
            }
          },
          "private": "bnVsbA==",
          "depends_on": [
            "azurerm_resource_group.azure_rg_new"
          ]
        }
      ]
    },
    {
      "mode": "managed",
      "type": "azurerm_network_security_rule",
      "name": "my-security-rule",
      "provider": "provider.azurerm",
      "instances": [
        {
          "schema_version": 0,
          "attributes": {
            "access": "Allow",
            "description": "",
            "destination_address_prefix": "*",
            "destination_address_prefixes": null,
            "destination_application_security_group_ids": null,
            "destination_port_range": "22",
            "destination_port_ranges": null,
            "direction": "Inbound",
            "id": "/subscriptions/fc939fda-41b8-4fdf-b2bb-8502e9317042/resourceGroups/my-rgroup/providers/Microsoft.Network/networkSecurityGroups/my-rgroup-vnet-securitygroup/securityRules/my-rgroup-my-srule-ssh",
            "name": "my-rgroup-my-srule-ssh",
            "network_security_group_name": "my-rgroup-vnet-securitygroup",
            "priority": 1001,
            "protocol": "Tcp",
            "resource_group_name": "my-rgroup",
            "source_address_prefix": "*",
            "source_address_prefixes": null,
            "source_application_security_group_ids": null,
            "source_port_range": "*",
            "source_port_ranges": null
          },
          "private": "bnVsbA==",
          "depends_on": [
            "azurerm_network_security_group.myterraformnsg",
            "azurerm_resource_group.azure_rg_new"
          ]
        }
      ]
    },
    {
      "mode": "managed",
      "type": "azurerm_public_ip",
      "name": "myterraformpublicip",
      "provider": "provider.azurerm",
      "instances": [
        {
          "schema_version": 0,
          "attributes": {
            "allocation_method": "Dynamic",
            "domain_name_label": "myvm",
            "fqdn": "myvm.uksouth.cloudapp.azure.com",
            "id": "/subscriptions/fc939fda-41b8-4fdf-b2bb-8502e9317042/resourceGroups/my-rgroup/providers/Microsoft.Network/publicIPAddresses/my-rgroup-publicIp",
            "idle_timeout_in_minutes": 4,
            "ip_address": "",
            "ip_version": "IPv4",
            "location": "uksouth",
            "name": "my-rgroup-publicIp",
            "public_ip_address_allocation": "Dynamic",
            "public_ip_prefix_id": null,
            "resource_group_name": "my-rgroup",
            "reverse_fqdn": "",
            "sku": "Basic",
            "tags": {
              "environment": "Terraform Demo"
            },
            "zones": null
          },
          "private": "bnVsbA==",
          "depends_on": [
            "azurerm_resource_group.azure_rg_new"
          ]
        }
      ]
    },
    {
      "mode": "managed",
      "type": "azurerm_resource_group",
      "name": "azure_rg_new",
      "provider": "provider.azurerm",
      "instances": [
        {
          "schema_version": 0,
          "attributes": {
            "id": "/subscriptions/fc939fda-41b8-4fdf-b2bb-8502e9317042/resourceGroups/my-rgroup",
            "location": "uksouth",
            "name": "my-rgroup",
            "tags": {
              "environment": "Terraform Demo"
            }
          },
          "private": "bnVsbA=="
        }
      ]
    },
    {
      "mode": "managed",
      "type": "azurerm_storage_account",
      "name": "mystorageaccount",
      "provider": "provider.azurerm",
      "instances": [
        {
          "schema_version": 2,
          "attributes": {
            "access_tier": "",
            "account_encryption_source": "Microsoft.Storage",
            "account_kind": "Storage",
            "account_replication_type": "LRS",
            "account_tier": "Standard",
            "account_type": "Standard_LRS",
            "custom_domain": [],
            "enable_advanced_threat_protection": false,
            "enable_blob_encryption": true,
            "enable_file_encryption": true,
            "enable_https_traffic_only": false,
            "id": "/subscriptions/fc939fda-41b8-4fdf-b2bb-8502e9317042/resourceGroups/my-rgroup/providers/Microsoft.Storage/storageAccounts/diag9a6b972628ed5659",
            "identity": [],
            "is_hns_enabled": false,
            "location": "uksouth",
            "name": "diag9a6b972628ed5659",
            "network_rules": [],
            "primary_access_key": "hUpjsSXEQcGgwfX3WdFdfXHM2xUZRAo60qL9lt3CaMNOyA8PMWZk0TuTaWwZ19mjVDSY/3r6bKq/KgZTJcotcQ==",
            "primary_blob_connection_string": "DefaultEndpointsProtocol=https;BlobEndpoint=https://diag9a6b972628ed5659.blob.core.windows.net/;AccountName=diag9a6b972628ed5659;AccountKey=hUpjsSXEQcGgwfX3WdFdfXHM2xUZRAo60qL9lt3CaMNOyA8PMWZk0TuTaWwZ19mjVDSY/3r6bKq/KgZTJcotcQ==",
            "primary_blob_endpoint": "https://diag9a6b972628ed5659.blob.core.windows.net/",
            "primary_blob_host": "diag9a6b972628ed5659.blob.core.windows.net",
            "primary_connection_string": "DefaultEndpointsProtocol=https;AccountName=diag9a6b972628ed5659;AccountKey=hUpjsSXEQcGgwfX3WdFdfXHM2xUZRAo60qL9lt3CaMNOyA8PMWZk0TuTaWwZ19mjVDSY/3r6bKq/KgZTJcotcQ==;EndpointSuffix=core.windows.net",
            "primary_dfs_endpoint": "",
            "primary_dfs_host": "",
            "primary_file_endpoint": "https://diag9a6b972628ed5659.file.core.windows.net/",
            "primary_file_host": "diag9a6b972628ed5659.file.core.windows.net",
            "primary_location": "uksouth",
            "primary_queue_endpoint": "https://diag9a6b972628ed5659.queue.core.windows.net/",
            "primary_queue_host": "diag9a6b972628ed5659.queue.core.windows.net",
            "primary_table_endpoint": "https://diag9a6b972628ed5659.table.core.windows.net/",
            "primary_table_host": "diag9a6b972628ed5659.table.core.windows.net",
            "primary_web_endpoint": "",
            "primary_web_host": "",
            "queue_properties": [
              {
                "cors_rule": [],
                "hour_metrics": [
                  {
                    "enabled": true,
                    "include_apis": true,
                    "retention_policy_days": 7,
                    "version": "1.0"
                  }
                ],
                "logging": [
                  {
                    "delete": false,
                    "read": false,
                    "retention_policy_days": 0,
                    "version": "1.0",
                    "write": false
                  }
                ],
                "minute_metrics": [
                  {
                    "enabled": false,
                    "include_apis": false,
                    "retention_policy_days": 0,
                    "version": "1.0"
                  }
                ]
              }
            ],
            "resource_group_name": "my-rgroup",
            "secondary_access_key": "JZw4boF7r+j3BiCHe2G7DFDJwHX//6fOtji+U7sk/xBhYkoRI7gqlG4TFRaeiP+vAg9m37mWDchQQZpuGGpwEg==",
            "secondary_blob_connection_string": "",
            "secondary_blob_endpoint": null,
            "secondary_blob_host": null,
            "secondary_connection_string": "DefaultEndpointsProtocol=https;AccountName=diag9a6b972628ed5659;AccountKey=JZw4boF7r+j3BiCHe2G7DFDJwHX//6fOtji+U7sk/xBhYkoRI7gqlG4TFRaeiP+vAg9m37mWDchQQZpuGGpwEg==;EndpointSuffix=core.windows.net",
            "secondary_dfs_endpoint": null,
            "secondary_dfs_host": null,
            "secondary_file_endpoint": null,
            "secondary_file_host": null,
            "secondary_location": "",
            "secondary_queue_endpoint": null,
            "secondary_queue_host": null,
            "secondary_table_endpoint": null,
            "secondary_table_host": null,
            "secondary_web_endpoint": null,
            "secondary_web_host": null,
            "tags": {
              "environment": "Terraform Demo"
            }
          },
          "private": "eyJzY2hlbWFfdmVyc2lvbiI6IjIifQ==",
          "depends_on": [
            "azurerm_resource_group.azure_rg_new",
            "random_id.randomId"
          ]
        }
      ]
    },
    {
      "mode": "managed",
      "type": "azurerm_subnet",
      "name": "myterraformsubnet",
      "provider": "provider.azurerm",
      "instances": [
        {
          "schema_version": 0,
          "attributes": {
            "address_prefix": "10.0.1.0/24",
            "delegation": [],
            "id": "/subscriptions/fc939fda-41b8-4fdf-b2bb-8502e9317042/resourceGroups/my-rgroup/providers/Microsoft.Network/virtualNetworks/my-rgroup-net/subnets/my-rgroup-az1-subnet",
            "ip_configurations": [],
            "name": "my-rgroup-az1-subnet",
            "network_security_group_id": "",
            "resource_group_name": "my-rgroup",
            "route_table_id": "",
            "service_endpoints": null,
            "virtual_network_name": "my-rgroup-net"
          },
          "private": "bnVsbA==",
          "depends_on": [
            "azurerm_resource_group.azure_rg_new",
            "azurerm_virtual_network.myterraformnetwork"
          ]
        }
      ]
    },
    {
      "mode": "managed",
      "type": "azurerm_virtual_machine",
      "name": "myterraformvm",
      "provider": "provider.azurerm",
      "instances": [
        {
          "status": "tainted",
          "schema_version": 0,
          "attributes": {
            "availability_set_id": null,
            "boot_diagnostics": [
              {
                "enabled": true,
                "storage_uri": "https://diag9a6b972628ed5659.blob.core.windows.net/"
              }
            ],
            "delete_data_disks_on_termination": false,
            "delete_os_disk_on_termination": false,
            "id": "/subscriptions/fc939fda-41b8-4fdf-b2bb-8502e9317042/resourceGroups/my-rgroup/providers/Microsoft.Compute/virtualMachines/my-rgroup-vm",
            "identity": [],
            "license_type": null,
            "location": "uksouth",
            "name": "my-rgroup-vm",
            "network_interface_ids": [
              "/subscriptions/fc939fda-41b8-4fdf-b2bb-8502e9317042/resourceGroups/my-rgroup/providers/Microsoft.Network/networkInterfaces/my-rgroup-azure-nic"
            ],
            "os_profile": [
              {
                "admin_password": "",
                "admin_username": "azureuser",
                "computer_name": "my-rgroup-vm",
                "custom_data": ""
              }
            ],
            "os_profile_linux_config": [
              {
                "disable_password_authentication": false,
                "ssh_keys": []
              }
            ],
            "os_profile_secrets": [],
            "os_profile_windows_config": [],
            "plan": [],
            "primary_network_interface_id": null,
            "resource_group_name": "my-rgroup",
            "storage_data_disk": [],
            "storage_image_reference": [
              {
                "id": "",
                "offer": "UbuntuServer",
                "publisher": "Canonical",
                "sku": "16.04.0-LTS",
                "version": "latest"
              }
            ],
            "storage_os_disk": [
              {
                "caching": "ReadWrite",
                "create_option": "FromImage",
                "disk_size_gb": 30,
                "image_uri": "",
                "managed_disk_id": "/subscriptions/fc939fda-41b8-4fdf-b2bb-8502e9317042/resourceGroups/my-rgroup/providers/Microsoft.Compute/disks/my-rgroup-os-disk",
                "managed_disk_type": "Premium_LRS",
                "name": "my-rgroup-os-disk",
                "os_type": "Linux",
                "vhd_uri": "",
                "write_accelerator_enabled": false
              }
            ],
            "tags": {
              "environment": "Terraform Demo"
            },
            "vm_size": "Standard_DS1_v2",
            "zones": null
          },
          "private": "bnVsbA==",
          "depends_on": [
            "azurerm_network_interface.myterraformnic",
            "azurerm_resource_group.azure_rg_new",
            "azurerm_storage_account.mystorageaccount"
          ]
        }
      ]
    },
    {
      "mode": "managed",
      "type": "azurerm_virtual_network",
      "name": "myterraformnetwork",
      "provider": "provider.azurerm",
      "instances": [
        {
          "schema_version": 0,
          "attributes": {
            "address_space": [
              "10.0.0.0/16"
            ],
            "ddos_protection_plan": [],
            "dns_servers": null,
            "id": "/subscriptions/fc939fda-41b8-4fdf-b2bb-8502e9317042/resourceGroups/my-rgroup/providers/Microsoft.Network/virtualNetworks/my-rgroup-net",
            "location": "uksouth",
            "name": "my-rgroup-net",
            "resource_group_name": "my-rgroup",
            "subnet": [],
            "tags": {
              "environment": "Terraform Demo"
            }
          },
          "private": "bnVsbA==",
          "depends_on": [
            "azurerm_resource_group.azure_rg_new"
          ]
        }
      ]
    },
    {
      "mode": "managed",
      "type": "random_id",
      "name": "randomId",
      "provider": "provider.random",
      "instances": [
        {
          "schema_version": 0,
          "attributes": {
            "b64": "mmuXJijtVlk",
            "b64_std": "mmuXJijtVlk=",
            "b64_url": "mmuXJijtVlk",
            "byte_length": 8,
            "dec": "11127153494500136537",
            "hex": "9a6b972628ed5659",
            "id": "mmuXJijtVlk",
            "keepers": {
              "resource_group": "my-rgroup"
            },
            "prefix": null
          },
          "private": "bnVsbA==",
          "depends_on": [
            "azurerm_resource_group.azure_rg_new"
          ]
        }
      ]
    }
  ]
}
